
Microsoft Visual Studio Solution File, Format Version 12.00
# Visual Studio Version 17
VisualStudioVersion = 17.14.36203.30
MinimumVisualStudioVersion = 10.0.40219.1
Project("{FAE04EC0-301F-11D3-BF4B-00C04F79EFBC}") = "HelloWorld", "HelloWorld\HelloWorld.csproj", "{A15FB60B-2023-4A76-901E-185F73A4149A}"
EndProject
Project("{FAE04EC0-301F-11D3-BF4B-00C04F79EFBC}") = "Max", "Max\Max.csproj", "{56415A38-F7A7-4CA4-9B62-63BDA68302AF}"
EndProject
Global
	GlobalSection(SolutionConfigurationPlatforms) = preSolution
		Debug|Any CPU = Debug|Any CPU
		Release|Any CPU = Release|Any CPU
	EndGlobalSection
	GlobalSection(ProjectConfigurationPlatforms) = postSolution
		{A15FB60B-2023-4A76-901E-185F73A4149A}.Debug|Any CPU.ActiveCfg = Debug|Any CPU
		{A15FB60B-2023-4A76-901E-185F73A4149A}.Debug|Any CPU.Build.0 = Debug|Any CPU
		{A15FB60B-2023-4A76-901E-185F73A4149A}.Release|Any CPU.ActiveCfg = Release|Any CPU
		{A15FB60B-2023-4A76-901E-185F73A4149A}.Release|Any CPU.Build.0 = Release|Any CPU
		{56415A38-F7A7-4CA4-9B62-63BDA68302AF}.Debug|Any CPU.ActiveCfg = Debug|Any CPU
		{56415A38-F7A7-4CA4-9B62-63BDA68302AF}.Debug|Any CPU.Build.0 = Debug|Any CPU
		{56415A38-F7A7-4CA4-9B62-63BDA68302AF}.Release|Any CPU.ActiveCfg = Release|Any CPU
		{56415A38-F7A7-4CA4-9B62-63BDA68302AF}.Release|Any CPU.Build.0 = Release|Any CPU
	EndGlobalSection
	GlobalSection(SolutionProperties) = preSolution
		HideSolutionNode = FALSE
	EndGlobalSection
	GlobalSection(ExtensibilityGlobals) = postSolution
		SolutionGuid = {3039AC21-C697-450A-8CAA-1DBF38FE1704}
	EndGlobalSection
EndGlobal
